
Microsoft Visual Studio Solution File, Format Version 12.00
# Visual Studio 2012
Project("{FAE04EC0-301F-11D3-BF4B-00C04F79EFBC}") = "Calculator", "Calculator\Calculator.csproj", "{2ED48846-C3F4-4E17-A394-F75B48CEECDF}"
EndProject
Global
	GlobalSection(SolutionConfigurationPlatforms) = preSolution
		Debug|Any CPU = Debug|Any CPU
		Release|Any CPU = Release|Any CPU
	EndGlobalSection
	GlobalSection(ProjectConfigurationPlatforms) = postSolution
		{2ED48846-C3F4-4E17-A394-F75B48CEECDF}.Debug|Any CPU.ActiveCfg = Debug|Any CPU
		{2ED48846-C3F4-4E17-A394-F75B48CEECDF}.Debug|Any CPU.Build.0 = Debug|Any CPU
		{2ED48846-C3F4-4E17-A394-F75B48CEECDF}.Release|Any CPU.ActiveCfg = Release|Any CPU
		{2ED48846-C3F4-4E17-A394-F75B48CEECDF}.Release|Any CPU.Build.0 = Release|Any CPU
	EndGlobalSection
	GlobalSection(SolutionProperties) = preSolution
		HideSolutionNode = FALSE
	EndGlobalSection
EndGlobal
